
Microsoft Visual Studio Solution File, Format Version 12.00
# Visual Studio 15
VisualStudioVersion = 15.0.28307.271
MinimumVisualStudioVersion = 10.0.40219.1
Project("{FAE04EC0-301F-11D3-BF4B-00C04F79EFBC}") = "DataScience2_2019", "DataScience2_2019\DataScience2_2019.csproj", "{EFA45933-0603-4E6C-8CBD-8F3CE2AC1681}"
EndProject
Global
	GlobalSection(SolutionConfigurationPlatforms) = preSolution
		Debug|Any CPU = Debug|Any CPU
		Release|Any CPU = Release|Any CPU
	EndGlobalSection
	GlobalSection(ProjectConfigurationPlatforms) = postSolution
		{EFA45933-0603-4E6C-8CBD-8F3CE2AC1681}.Debug|Any CPU.ActiveCfg = Debug|Any CPU
		{EFA45933-0603-4E6C-8CBD-8F3CE2AC1681}.Debug|Any CPU.Build.0 = Debug|Any CPU
		{EFA45933-0603-4E6C-8CBD-8F3CE2AC1681}.Release|Any CPU.ActiveCfg = Release|Any CPU
		{EFA45933-0603-4E6C-8CBD-8F3CE2AC1681}.Release|Any CPU.Build.0 = Release|Any CPU
	EndGlobalSection
	GlobalSection(SolutionProperties) = preSolution
		HideSolutionNode = FALSE
	EndGlobalSection
	GlobalSection(ExtensibilityGlobals) = postSolution
		SolutionGuid = {EF346CB4-C6FE-4EBE-ABA8-8E8F3EF2CA4A}
	EndGlobalSection
EndGlobal
